<?xml version="1.0" encoding="utf-8"?>
<Project ToolsVersion="4.0" xmlns="http://schemas.microsoft.com/developer/msbuild/2003">
  <ItemGroup>
    <Filter Include="GUI">
      <UniqueIdentifier>{5ad7d747-74c3-491b-b829-0e8fb00aa48b}</UniqueIdentifier>
    </Filter>
    <Filter Include="EMU">
      <UniqueIdentifier>{46d2c5b6-2fd8-4c17-98b5-d641bc6d00d1}</UniqueIdentifier>
    </Filter>
    <Filter Include="EMU\CPU">
      <UniqueIdentifier>{6bea3969-07a1-4b74-9469-8d2ad549cbfb}</UniqueIdentifier>
    </Filter>
    <Filter Include="EMU\RAM">
      <UniqueIdentifier>{41a4b4d6-e17f-4fa7-8f3a-eb7bbb009e09}</UniqueIdentifier>
    </Filter>
    <Filter Include="EMU\CART">
      <UniqueIdentifier>{210e810b-ad42-48a8-9f69-0829d232c237}</UniqueIdentifier>
    </Filter>
    <Filter Include="EMU\APU">
      <UniqueIdentifier>{5605b9dd-e7bc-44ac-b6b0-7f486ad247a7}</UniqueIdentifier>
    </Filter>
    <Filter Include="EMU\BUS">
      <UniqueIdentifier>{9001d096-e293-4a1a-8be9-86dc945275a9}</UniqueIdentifier>
    </Filter>
    <Filter Include="EMU\PPU">
      <UniqueIdentifier>{5c416943-435a-4485-9441-04eaf66ddfbe}</UniqueIdentifier>
    </Filter>
  </ItemGroup>
  <ItemGroup>
    <ClInclude Include="INesCpu.h">
      <Filter>EMU\CPU</Filter>
    </ClInclude>
    <ClInclude Include="INesPpu.h">
      <Filter>EMU\PPU</Filter>
    </ClInclude>
    <ClInclude Include="INesRom.h">
      <Filter>EMU\CART</Filter>
    </ClInclude>
    <ClInclude Include="INesCartridge.h">
      <Filter>EMU\CART</Filter>
    </ClInclude>
    <ClInclude Include="CPU_2A03.h">
      <Filter>EMU\CPU</Filter>
    </ClInclude>
    <ClInclude Include="NesCore.h">
      <Filter>EMU</Filter>
    </ClInclude>
    <ClInclude Include="CPU_6502.h">
      <Filter>EMU\CPU</Filter>
    </ClInclude>
    <ClInclude Include="PPU_2C02.h">
      <Filter>EMU\PPU</Filter>
    </ClInclude>
    <ClInclude Include="NesApu.h">
      <Filter>EMU\APU</Filter>
    </ClInclude>
    <ClInclude Include="Bus.h">
      <Filter>EMU\BUS</Filter>
    </ClInclude>
    <ClInclude Include="IRam.h">
      <Filter>EMU\RAM</Filter>
    </ClInclude>
    <ClInclude Include="NesArrayRam.h">
      <Filter>EMU\RAM</Filter>
    </ClInclude>
    <ClInclude Include="IBusMaster.h">
      <Filter>EMU\BUS</Filter>
    </ClInclude>
    <ClInclude Include="IBusSlave.h">
      <Filter>EMU\BUS</Filter>
    </ClInclude>
  </ItemGroup>
  <ItemGroup>
    <ClCompile Include="Main.cpp" />
    <ClCompile Include="CPU_6502.cpp">
      <Filter>EMU\CPU</Filter>
    </ClCompile>
    <ClCompile Include="CPU_6502_Instructions.cpp">
      <Filter>EMU\CPU</Filter>
    </ClCompile>
    <ClCompile Include="CPU_6502_AddressingModes.cpp">
      <Filter>EMU\CPU</Filter>
    </ClCompile>
    <ClCompile Include="CPU_6502_LookupVector.cpp">
      <Filter>EMU\CPU</Filter>
    </ClCompile>
  </ItemGroup>
</Project>